
Microsoft Visual Studio Solution File, Format Version 12.00
# Visual Studio 15
Project("{FAE04EC0-301F-11D3-BF4B-00C04F79EFBC}") = "Assembly-CSharp", "Assembly-CSharp.csproj", "{4531F69E-AB06-09D2-5236-576C0C50B57D}"
EndProject
Project("{FAE04EC0-301F-11D3-BF4B-00C04F79EFBC}") = "NavMeshComponents", "NavMeshComponents.csproj", "{9ED16B15-3E8D-BC97-0A62-315D38BB7ECE}"
EndProject
Project("{FAE04EC0-301F-11D3-BF4B-00C04F79EFBC}") = "NavMeshComponentsEditor", "NavMeshComponentsEditor.csproj", "{02D3AA6D-892F-D6CD-C865-CECD67A7735D}"
EndProject
Global
	GlobalSection(SolutionConfigurationPlatforms) = preSolution
		Debug|Any CPU = Debug|Any CPU
		Release|Any CPU = Release|Any CPU
	EndGlobalSection
	GlobalSection(ProjectConfigurationPlatforms) = postSolution
		{4531F69E-AB06-09D2-5236-576C0C50B57D}.Debug|Any CPU.ActiveCfg = Debug|Any CPU
		{4531F69E-AB06-09D2-5236-576C0C50B57D}.Debug|Any CPU.Build.0 = Debug|Any CPU
		{4531F69E-AB06-09D2-5236-576C0C50B57D}.Release|Any CPU.ActiveCfg = Release|Any CPU
		{4531F69E-AB06-09D2-5236-576C0C50B57D}.Release|Any CPU.Build.0 = Release|Any CPU
		{9ED16B15-3E8D-BC97-0A62-315D38BB7ECE}.Debug|Any CPU.ActiveCfg = Debug|Any CPU
		{9ED16B15-3E8D-BC97-0A62-315D38BB7ECE}.Debug|Any CPU.Build.0 = Debug|Any CPU
		{9ED16B15-3E8D-BC97-0A62-315D38BB7ECE}.Release|Any CPU.ActiveCfg = Release|Any CPU
		{9ED16B15-3E8D-BC97-0A62-315D38BB7ECE}.Release|Any CPU.Build.0 = Release|Any CPU
		{02D3AA6D-892F-D6CD-C865-CECD67A7735D}.Debug|Any CPU.ActiveCfg = Debug|Any CPU
		{02D3AA6D-892F-D6CD-C865-CECD67A7735D}.Debug|Any CPU.Build.0 = Debug|Any CPU
		{02D3AA6D-892F-D6CD-C865-CECD67A7735D}.Release|Any CPU.ActiveCfg = Release|Any CPU
		{02D3AA6D-892F-D6CD-C865-CECD67A7735D}.Release|Any CPU.Build.0 = Release|Any CPU
	EndGlobalSection
	GlobalSection(SolutionProperties) = preSolution
		HideSolutionNode = FALSE
	EndGlobalSection
EndGlobal
